
Microsoft Visual Studio Solution File, Format Version 12.00
# Visual Studio Version 16
VisualStudioVersion = 16.0.31005.135
MinimumVisualStudioVersion = 10.0.40219.1
Project("{FAE04EC0-301F-11D3-BF4B-00C04F79EFBC}") = "SocialNetworkStep", "SocialNetworkStep\SocialNetworkStep.csproj", "{BE44BDFA-0B6D-4626-9F56-E026B4B3ED86}"
EndProject
Global
	GlobalSection(SolutionConfigurationPlatforms) = preSolution
		Debug|Any CPU = Debug|Any CPU
		Release|Any CPU = Release|Any CPU
	EndGlobalSection
	GlobalSection(ProjectConfigurationPlatforms) = postSolution
		{BE44BDFA-0B6D-4626-9F56-E026B4B3ED86}.Debug|Any CPU.ActiveCfg = Debug|Any CPU
		{BE44BDFA-0B6D-4626-9F56-E026B4B3ED86}.Debug|Any CPU.Build.0 = Debug|Any CPU
		{BE44BDFA-0B6D-4626-9F56-E026B4B3ED86}.Release|Any CPU.ActiveCfg = Release|Any CPU
		{BE44BDFA-0B6D-4626-9F56-E026B4B3ED86}.Release|Any CPU.Build.0 = Release|Any CPU
	EndGlobalSection
	GlobalSection(SolutionProperties) = preSolution
		HideSolutionNode = FALSE
	EndGlobalSection
	GlobalSection(ExtensibilityGlobals) = postSolution
		SolutionGuid = {6507068E-A3D1-453F-81C2-E46638AD0F6B}
	EndGlobalSection
EndGlobal
